
Microsoft Visual Studio Solution File, Format Version 12.00
# Visual Studio 14
VisualStudioVersion = 14.0.25123.0
MinimumVisualStudioVersion = 10.0.40219.1
Project("{FAE04EC0-301F-11D3-BF4B-00C04F79EFBC}") = "Common", "Common\Common.csproj", "{56B8EE8B-DC7D-4EBC-A440-5E38FD2488E0}"
EndProject
Project("{FAE04EC0-301F-11D3-BF4B-00C04F79EFBC}") = "Data", "Data\Data.csproj", "{E96A9F3A-3373-4B2B-9E63-851F6C2B7068}"
EndProject
Project("{FAE04EC0-301F-11D3-BF4B-00C04F79EFBC}") = "Data.SqlServer", "Data.SqlServer\Data.SqlServer.csproj", "{0D0DBB80-4EA3-4320-B8F3-5C62BB21208B}"
EndProject
Project("{FAE04EC0-301F-11D3-BF4B-00C04F79EFBC}") = "Web.Api.Models", "Web.Api.Models\Web.Api.Models.csproj", "{DD6C0C20-A029-4087-BD7B-1E710759EF0E}"
EndProject
Project("{FAE04EC0-301F-11D3-BF4B-00C04F79EFBC}") = "Web.Common", "Web.Common\Web.Common.csproj", "{8EC6F83E-2810-4439-8543-E99AE9F857AD}"
EndProject
Project("{FAE04EC0-301F-11D3-BF4B-00C04F79EFBC}") = "Web.Api", "Web.Api\Web.Api.csproj", "{010909A2-3F70-4716-A18F-9CAAF08190DB}"
EndProject
Project("{00D1A9C2-B5F0-4AF3-8072-F6C62B433612}") = "BookDb", "BookDb\BookDb.sqlproj", "{F06C3F02-224B-47DE-A0E9-292E9EB86853}"
EndProject
Project("{2150E333-8FDC-42A3-9474-1A3956D46DE8}") = "Tests", "Tests", "{E1440DA7-50BE-4A50-872D-08F207F8E865}"
EndProject
Project("{FAE04EC0-301F-11D3-BF4B-00C04F79EFBC}") = "Common.Tests", "Common.Tests\Common.Tests.csproj", "{4F83E770-E7FA-4711-9CAD-4D959A5AAD07}"
EndProject
Project("{FAE04EC0-301F-11D3-BF4B-00C04F79EFBC}") = "Data.SqlServer.IntegrationTests", "Data.SqlServer.IntegrationTests\Data.SqlServer.IntegrationTests.csproj", "{9DED3D54-6AD5-49A4-BED8-B3F9A38491C4}"
EndProject
Project("{FAE04EC0-301F-11D3-BF4B-00C04F79EFBC}") = "Data.Tests", "Data.Tests\Data.Tests.csproj", "{F2C9BC8F-A00A-4F3D-95C3-8DD90A3FE260}"
EndProject
Project("{FAE04EC0-301F-11D3-BF4B-00C04F79EFBC}") = "Web.Api.IntegrationTests", "Web.Api.IntegrationTests\Web.Api.IntegrationTests.csproj", "{031D3D4F-2CFF-4D03-9BEE-665EFBE60E2A}"
EndProject
Project("{FAE04EC0-301F-11D3-BF4B-00C04F79EFBC}") = "Web.Api.Tests", "Web.Api.Tests\Web.Api.Tests.csproj", "{7AAE2771-2796-4946-B73B-A7719EBBE898}"
EndProject
Project("{FAE04EC0-301F-11D3-BF4B-00C04F79EFBC}") = "Web.Common.Tests", "Web.Common.Tests\Web.Common.Tests.csproj", "{47CAED8D-2CC9-4AF1-BAF1-BF7D211F0929}"
EndProject
Global
	GlobalSection(SolutionConfigurationPlatforms) = preSolution
		Debug|Any CPU = Debug|Any CPU
		Release|Any CPU = Release|Any CPU
	EndGlobalSection
	GlobalSection(ProjectConfigurationPlatforms) = postSolution
		{56B8EE8B-DC7D-4EBC-A440-5E38FD2488E0}.Debug|Any CPU.ActiveCfg = Debug|Any CPU
		{56B8EE8B-DC7D-4EBC-A440-5E38FD2488E0}.Debug|Any CPU.Build.0 = Debug|Any CPU
		{56B8EE8B-DC7D-4EBC-A440-5E38FD2488E0}.Release|Any CPU.ActiveCfg = Release|Any CPU
		{56B8EE8B-DC7D-4EBC-A440-5E38FD2488E0}.Release|Any CPU.Build.0 = Release|Any CPU
		{E96A9F3A-3373-4B2B-9E63-851F6C2B7068}.Debug|Any CPU.ActiveCfg = Debug|Any CPU
		{E96A9F3A-3373-4B2B-9E63-851F6C2B7068}.Debug|Any CPU.Build.0 = Debug|Any CPU
		{E96A9F3A-3373-4B2B-9E63-851F6C2B7068}.Release|Any CPU.ActiveCfg = Release|Any CPU
		{E96A9F3A-3373-4B2B-9E63-851F6C2B7068}.Release|Any CPU.Build.0 = Release|Any CPU
		{0D0DBB80-4EA3-4320-B8F3-5C62BB21208B}.Debug|Any CPU.ActiveCfg = Debug|Any CPU
		{0D0DBB80-4EA3-4320-B8F3-5C62BB21208B}.Debug|Any CPU.Build.0 = Debug|Any CPU
		{0D0DBB80-4EA3-4320-B8F3-5C62BB21208B}.Release|Any CPU.ActiveCfg = Release|Any CPU
		{0D0DBB80-4EA3-4320-B8F3-5C62BB21208B}.Release|Any CPU.Build.0 = Release|Any CPU
		{DD6C0C20-A029-4087-BD7B-1E710759EF0E}.Debug|Any CPU.ActiveCfg = Debug|Any CPU
		{DD6C0C20-A029-4087-BD7B-1E710759EF0E}.Debug|Any CPU.Build.0 = Debug|Any CPU
		{DD6C0C20-A029-4087-BD7B-1E710759EF0E}.Release|Any CPU.ActiveCfg = Release|Any CPU
		{DD6C0C20-A029-4087-BD7B-1E710759EF0E}.Release|Any CPU.Build.0 = Release|Any CPU
		{8EC6F83E-2810-4439-8543-E99AE9F857AD}.Debug|Any CPU.ActiveCfg = Debug|Any CPU
		{8EC6F83E-2810-4439-8543-E99AE9F857AD}.Debug|Any CPU.Build.0 = Debug|Any CPU
		{8EC6F83E-2810-4439-8543-E99AE9F857AD}.Release|Any CPU.ActiveCfg = Release|Any CPU
		{8EC6F83E-2810-4439-8543-E99AE9F857AD}.Release|Any CPU.Build.0 = Release|Any CPU
		{010909A2-3F70-4716-A18F-9CAAF08190DB}.Debug|Any CPU.ActiveCfg = Debug|Any CPU
		{010909A2-3F70-4716-A18F-9CAAF08190DB}.Debug|Any CPU.Build.0 = Debug|Any CPU
		{010909A2-3F70-4716-A18F-9CAAF08190DB}.Release|Any CPU.ActiveCfg = Release|Any CPU
		{010909A2-3F70-4716-A18F-9CAAF08190DB}.Release|Any CPU.Build.0 = Release|Any CPU
		{F06C3F02-224B-47DE-A0E9-292E9EB86853}.Debug|Any CPU.ActiveCfg = Debug|Any CPU
		{F06C3F02-224B-47DE-A0E9-292E9EB86853}.Debug|Any CPU.Build.0 = Debug|Any CPU
		{F06C3F02-224B-47DE-A0E9-292E9EB86853}.Debug|Any CPU.Deploy.0 = Debug|Any CPU
		{F06C3F02-224B-47DE-A0E9-292E9EB86853}.Release|Any CPU.ActiveCfg = Release|Any CPU
		{F06C3F02-224B-47DE-A0E9-292E9EB86853}.Release|Any CPU.Build.0 = Release|Any CPU
		{F06C3F02-224B-47DE-A0E9-292E9EB86853}.Release|Any CPU.Deploy.0 = Release|Any CPU
		{4F83E770-E7FA-4711-9CAD-4D959A5AAD07}.Debug|Any CPU.ActiveCfg = Debug|Any CPU
		{4F83E770-E7FA-4711-9CAD-4D959A5AAD07}.Debug|Any CPU.Build.0 = Debug|Any CPU
		{4F83E770-E7FA-4711-9CAD-4D959A5AAD07}.Release|Any CPU.ActiveCfg = Release|Any CPU
		{4F83E770-E7FA-4711-9CAD-4D959A5AAD07}.Release|Any CPU.Build.0 = Release|Any CPU
		{9DED3D54-6AD5-49A4-BED8-B3F9A38491C4}.Debug|Any CPU.ActiveCfg = Debug|Any CPU
		{9DED3D54-6AD5-49A4-BED8-B3F9A38491C4}.Debug|Any CPU.Build.0 = Debug|Any CPU
		{9DED3D54-6AD5-49A4-BED8-B3F9A38491C4}.Release|Any CPU.ActiveCfg = Release|Any CPU
		{9DED3D54-6AD5-49A4-BED8-B3F9A38491C4}.Release|Any CPU.Build.0 = Release|Any CPU
		{F2C9BC8F-A00A-4F3D-95C3-8DD90A3FE260}.Debug|Any CPU.ActiveCfg = Debug|Any CPU
		{F2C9BC8F-A00A-4F3D-95C3-8DD90A3FE260}.Debug|Any CPU.Build.0 = Debug|Any CPU
		{F2C9BC8F-A00A-4F3D-95C3-8DD90A3FE260}.Release|Any CPU.ActiveCfg = Release|Any CPU
		{F2C9BC8F-A00A-4F3D-95C3-8DD90A3FE260}.Release|Any CPU.Build.0 = Release|Any CPU
		{031D3D4F-2CFF-4D03-9BEE-665EFBE60E2A}.Debug|Any CPU.ActiveCfg = Debug|Any CPU
		{031D3D4F-2CFF-4D03-9BEE-665EFBE60E2A}.Debug|Any CPU.Build.0 = Debug|Any CPU
		{031D3D4F-2CFF-4D03-9BEE-665EFBE60E2A}.Release|Any CPU.ActiveCfg = Release|Any CPU
		{031D3D4F-2CFF-4D03-9BEE-665EFBE60E2A}.Release|Any CPU.Build.0 = Release|Any CPU
		{7AAE2771-2796-4946-B73B-A7719EBBE898}.Debug|Any CPU.ActiveCfg = Debug|Any CPU
		{7AAE2771-2796-4946-B73B-A7719EBBE898}.Debug|Any CPU.Build.0 = Debug|Any CPU
		{7AAE2771-2796-4946-B73B-A7719EBBE898}.Release|Any CPU.ActiveCfg = Release|Any CPU
		{7AAE2771-2796-4946-B73B-A7719EBBE898}.Release|Any CPU.Build.0 = Release|Any CPU
		{47CAED8D-2CC9-4AF1-BAF1-BF7D211F0929}.Debug|Any CPU.ActiveCfg = Debug|Any CPU
		{47CAED8D-2CC9-4AF1-BAF1-BF7D211F0929}.Debug|Any CPU.Build.0 = Debug|Any CPU
		{47CAED8D-2CC9-4AF1-BAF1-BF7D211F0929}.Release|Any CPU.ActiveCfg = Release|Any CPU
		{47CAED8D-2CC9-4AF1-BAF1-BF7D211F0929}.Release|Any CPU.Build.0 = Release|Any CPU
	EndGlobalSection
	GlobalSection(SolutionProperties) = preSolution
		HideSolutionNode = FALSE
	EndGlobalSection
	GlobalSection(NestedProjects) = preSolution
		{4F83E770-E7FA-4711-9CAD-4D959A5AAD07} = {E1440DA7-50BE-4A50-872D-08F207F8E865}
		{9DED3D54-6AD5-49A4-BED8-B3F9A38491C4} = {E1440DA7-50BE-4A50-872D-08F207F8E865}
		{F2C9BC8F-A00A-4F3D-95C3-8DD90A3FE260} = {E1440DA7-50BE-4A50-872D-08F207F8E865}
		{031D3D4F-2CFF-4D03-9BEE-665EFBE60E2A} = {E1440DA7-50BE-4A50-872D-08F207F8E865}
		{7AAE2771-2796-4946-B73B-A7719EBBE898} = {E1440DA7-50BE-4A50-872D-08F207F8E865}
		{47CAED8D-2CC9-4AF1-BAF1-BF7D211F0929} = {E1440DA7-50BE-4A50-872D-08F207F8E865}
	EndGlobalSection
EndGlobal
